# THIS IS AN AUTOGENERATED FILE. DO NOT EDIT THIS FILE DIRECTLY.
# yarn lockfile v1


"@fontsource/roboto@^4.5.7":
  version "4.5.7"
  resolved "https://registry.yarnpkg.com/@fontsource/roboto/-/roboto-4.5.7.tgz#292740a52fa2bac61b89f92e1c588037defe65cb"
  integrity sha512-m57UMER23Mk6Drg9OjtHW1Y+0KPGyZfE5XJoPTOsLARLar6013kJj4X2HICt+iFLJqIgTahA/QAvSn9lwF1EEw==
